
Microsoft Visual Studio Solution File, Format Version 12.00
# Visual Studio Version 16
VisualStudioVersion = 25.0.1704.4
MinimumVisualStudioVersion = 10.0.40219.1
Project("{FAE04EC0-301F-11D3-BF4B-00C04F79EFBC}") = "Specflow.Core", "Specflow.Core\Specflow.Core.csproj", "{162F85EC-45F5-4F27-AB67-31BEB54C8EC2}"
EndProject
Project("{FAE04EC0-301F-11D3-BF4B-00C04F79EFBC}") = "Specflow.Common", "Specflow.Common\Specflow.Common.csproj", "{D85789D1-33AE-491E-8CDD-CA1BB7B6F9B5}"
EndProject
Project("{FAE04EC0-301F-11D3-BF4B-00C04F79EFBC}") = "Specflow.UiTests", "Specflow.UiTests\Specflow.UiTests.csproj", "{1D461C02-200C-4CFB-A98B-21479A9A3377}"
EndProject
Global
	GlobalSection(SolutionConfigurationPlatforms) = preSolution
		Debug|Any CPU = Debug|Any CPU
		Release|Any CPU = Release|Any CPU
	EndGlobalSection
	GlobalSection(ProjectConfigurationPlatforms) = postSolution
		{162F85EC-45F5-4F27-AB67-31BEB54C8EC2}.Debug|Any CPU.ActiveCfg = Debug|Any CPU
		{162F85EC-45F5-4F27-AB67-31BEB54C8EC2}.Debug|Any CPU.Build.0 = Debug|Any CPU
		{162F85EC-45F5-4F27-AB67-31BEB54C8EC2}.Release|Any CPU.ActiveCfg = Release|Any CPU
		{162F85EC-45F5-4F27-AB67-31BEB54C8EC2}.Release|Any CPU.Build.0 = Release|Any CPU
		{D85789D1-33AE-491E-8CDD-CA1BB7B6F9B5}.Debug|Any CPU.ActiveCfg = Debug|Any CPU
		{D85789D1-33AE-491E-8CDD-CA1BB7B6F9B5}.Debug|Any CPU.Build.0 = Debug|Any CPU
		{D85789D1-33AE-491E-8CDD-CA1BB7B6F9B5}.Release|Any CPU.ActiveCfg = Release|Any CPU
		{D85789D1-33AE-491E-8CDD-CA1BB7B6F9B5}.Release|Any CPU.Build.0 = Release|Any CPU
		{1D461C02-200C-4CFB-A98B-21479A9A3377}.Debug|Any CPU.ActiveCfg = Debug|Any CPU
		{1D461C02-200C-4CFB-A98B-21479A9A3377}.Debug|Any CPU.Build.0 = Debug|Any CPU
		{1D461C02-200C-4CFB-A98B-21479A9A3377}.Release|Any CPU.ActiveCfg = Release|Any CPU
		{1D461C02-200C-4CFB-A98B-21479A9A3377}.Release|Any CPU.Build.0 = Release|Any CPU
	EndGlobalSection
	GlobalSection(SolutionProperties) = preSolution
		HideSolutionNode = FALSE
	EndGlobalSection
	GlobalSection(ExtensibilityGlobals) = postSolution
		SolutionGuid = {62BCD3BB-CC7C-4948-BE86-F8977561EAEF}
	EndGlobalSection
EndGlobal
